
Microsoft Visual Studio Solution File, Format Version 12.00
# Visual Studio 15
VisualStudioVersion = 15.0.28010.2048
MinimumVisualStudioVersion = 10.0.40219.1
Project("{FAE04EC0-301F-11D3-BF4B-00C04F79EFBC}") = "Gamma", "Gamma\Gamma.csproj", "{B4352E4B-214B-4734-BBC7-1202DADD16CE}"
EndProject
Project("{FAE04EC0-301F-11D3-BF4B-00C04F79EFBC}") = "Contracts", "Contracts\Contracts.csproj", "{6CD575B3-ED3E-43C3-96CA-3BC5485700E2}"
EndProject
Project("{FAE04EC0-301F-11D3-BF4B-00C04F79EFBC}") = "Entities", "Entities\Entities.csproj", "{F37113FB-84B9-4FF7-A924-A0337640CC42}"
EndProject
Project("{FAE04EC0-301F-11D3-BF4B-00C04F79EFBC}") = "Repository", "Repository\Repository.csproj", "{920ED261-B5E4-41F6-97EF-6E08D2C707A5}"
EndProject
Project("{2150E333-8FDC-42A3-9474-1A3956D46DE8}") = "Solution Items", "Solution Items", "{4402C284-7D41-4D31-B2BD-EF40906A2BD7}"
	ProjectSection(SolutionItems) = preProject
		Dockerfile = Dockerfile
	EndProjectSection
EndProject
Global
	GlobalSection(SolutionConfigurationPlatforms) = preSolution
		Debug|Any CPU = Debug|Any CPU
		Release|Any CPU = Release|Any CPU
	EndGlobalSection
	GlobalSection(ProjectConfigurationPlatforms) = postSolution
		{B4352E4B-214B-4734-BBC7-1202DADD16CE}.Debug|Any CPU.ActiveCfg = Debug|Any CPU
		{B4352E4B-214B-4734-BBC7-1202DADD16CE}.Debug|Any CPU.Build.0 = Debug|Any CPU
		{B4352E4B-214B-4734-BBC7-1202DADD16CE}.Release|Any CPU.ActiveCfg = Release|Any CPU
		{B4352E4B-214B-4734-BBC7-1202DADD16CE}.Release|Any CPU.Build.0 = Release|Any CPU
		{6CD575B3-ED3E-43C3-96CA-3BC5485700E2}.Debug|Any CPU.ActiveCfg = Debug|Any CPU
		{6CD575B3-ED3E-43C3-96CA-3BC5485700E2}.Debug|Any CPU.Build.0 = Debug|Any CPU
		{6CD575B3-ED3E-43C3-96CA-3BC5485700E2}.Release|Any CPU.ActiveCfg = Release|Any CPU
		{6CD575B3-ED3E-43C3-96CA-3BC5485700E2}.Release|Any CPU.Build.0 = Release|Any CPU
		{F37113FB-84B9-4FF7-A924-A0337640CC42}.Debug|Any CPU.ActiveCfg = Debug|Any CPU
		{F37113FB-84B9-4FF7-A924-A0337640CC42}.Debug|Any CPU.Build.0 = Debug|Any CPU
		{F37113FB-84B9-4FF7-A924-A0337640CC42}.Release|Any CPU.ActiveCfg = Release|Any CPU
		{F37113FB-84B9-4FF7-A924-A0337640CC42}.Release|Any CPU.Build.0 = Release|Any CPU
		{920ED261-B5E4-41F6-97EF-6E08D2C707A5}.Debug|Any CPU.ActiveCfg = Debug|Any CPU
		{920ED261-B5E4-41F6-97EF-6E08D2C707A5}.Debug|Any CPU.Build.0 = Debug|Any CPU
		{920ED261-B5E4-41F6-97EF-6E08D2C707A5}.Release|Any CPU.ActiveCfg = Release|Any CPU
		{920ED261-B5E4-41F6-97EF-6E08D2C707A5}.Release|Any CPU.Build.0 = Release|Any CPU
	EndGlobalSection
	GlobalSection(SolutionProperties) = preSolution
		HideSolutionNode = FALSE
	EndGlobalSection
	GlobalSection(ExtensibilityGlobals) = postSolution
		SolutionGuid = {7217F209-6AFF-4B7F-A712-D8B493739164}
	EndGlobalSection
EndGlobal
